Microsoft Visual Studio Solution File, Format Version 12.00
# Visual Studio 2012
Project("{FAE04EC0-301F-11D3-BF4B-00C04F79EFBC}") = "The Catacombs of Velhart", "the catacombs of velhart.csproj", "{77518076-0504-48D7-88B4-E4D5548BCE6E}"
EndProject
Global
	GlobalSection(SolutionConfigurationPlatforms) = preSolution
	Debug|Any CPU = Debug|Any CPU
	ExportDebug|Any CPU = ExportDebug|Any CPU
	ExportRelease|Any CPU = ExportRelease|Any CPU
	EndGlobalSection
	GlobalSection(ProjectConfigurationPlatforms) = postSolution
		{77518076-0504-48D7-88B4-E4D5548BCE6E}.Debug|Any CPU.ActiveCfg = Debug|Any CPU
		{77518076-0504-48D7-88B4-E4D5548BCE6E}.Debug|Any CPU.Build.0 = Debug|Any CPU
		{77518076-0504-48D7-88B4-E4D5548BCE6E}.ExportDebug|Any CPU.ActiveCfg = ExportDebug|Any CPU
		{77518076-0504-48D7-88B4-E4D5548BCE6E}.ExportDebug|Any CPU.Build.0 = ExportDebug|Any CPU
		{77518076-0504-48D7-88B4-E4D5548BCE6E}.ExportRelease|Any CPU.ActiveCfg = ExportRelease|Any CPU
		{77518076-0504-48D7-88B4-E4D5548BCE6E}.ExportRelease|Any CPU.Build.0 = ExportRelease|Any CPU
	EndGlobalSection
EndGlobal
